
Microsoft Visual Studio Solution File, Format Version 12.00
# Visual Studio 15
VisualStudioVersion = 15.0.27703.2035
MinimumVisualStudioVersion = 10.0.40219.1
Project("{FAE04EC0-301F-11D3-BF4B-00C04F79EFBC}") = "Entidades", "Entidades\Entidades.csproj", "{97E31E5F-B2C9-4A20-B7F7-C37CB7EB9C2B}"
EndProject
Project("{FAE04EC0-301F-11D3-BF4B-00C04F79EFBC}") = "Presentación", "Presentación\Presentación.csproj", "{2EB044DE-9F77-4F10-B713-2BFD171D79B6}"
EndProject
Project("{FAE04EC0-301F-11D3-BF4B-00C04F79EFBC}") = "Lógica", "Lógica\Lógica.csproj", "{D0BECDEC-A4FF-41C1-B3BD-9259F4A95B2C}"
EndProject
Project("{FAE04EC0-301F-11D3-BF4B-00C04F79EFBC}") = "Datos", "Datos\Datos.csproj", "{4E285AAB-3AD2-449A-818B-1924935D6FEA}"
EndProject
Global
	GlobalSection(SolutionConfigurationPlatforms) = preSolution
		Debug|Any CPU = Debug|Any CPU
		Release|Any CPU = Release|Any CPU
	EndGlobalSection
	GlobalSection(ProjectConfigurationPlatforms) = postSolution
		{97E31E5F-B2C9-4A20-B7F7-C37CB7EB9C2B}.Debug|Any CPU.ActiveCfg = Debug|Any CPU
		{97E31E5F-B2C9-4A20-B7F7-C37CB7EB9C2B}.Debug|Any CPU.Build.0 = Debug|Any CPU
		{97E31E5F-B2C9-4A20-B7F7-C37CB7EB9C2B}.Release|Any CPU.ActiveCfg = Release|Any CPU
		{97E31E5F-B2C9-4A20-B7F7-C37CB7EB9C2B}.Release|Any CPU.Build.0 = Release|Any CPU
		{2EB044DE-9F77-4F10-B713-2BFD171D79B6}.Debug|Any CPU.ActiveCfg = Debug|Any CPU
		{2EB044DE-9F77-4F10-B713-2BFD171D79B6}.Debug|Any CPU.Build.0 = Debug|Any CPU
		{2EB044DE-9F77-4F10-B713-2BFD171D79B6}.Release|Any CPU.ActiveCfg = Release|Any CPU
		{2EB044DE-9F77-4F10-B713-2BFD171D79B6}.Release|Any CPU.Build.0 = Release|Any CPU
		{D0BECDEC-A4FF-41C1-B3BD-9259F4A95B2C}.Debug|Any CPU.ActiveCfg = Debug|Any CPU
		{D0BECDEC-A4FF-41C1-B3BD-9259F4A95B2C}.Debug|Any CPU.Build.0 = Debug|Any CPU
		{D0BECDEC-A4FF-41C1-B3BD-9259F4A95B2C}.Release|Any CPU.ActiveCfg = Release|Any CPU
		{D0BECDEC-A4FF-41C1-B3BD-9259F4A95B2C}.Release|Any CPU.Build.0 = Release|Any CPU
		{4E285AAB-3AD2-449A-818B-1924935D6FEA}.Debug|Any CPU.ActiveCfg = Debug|Any CPU
		{4E285AAB-3AD2-449A-818B-1924935D6FEA}.Debug|Any CPU.Build.0 = Debug|Any CPU
		{4E285AAB-3AD2-449A-818B-1924935D6FEA}.Release|Any CPU.ActiveCfg = Release|Any CPU
		{4E285AAB-3AD2-449A-818B-1924935D6FEA}.Release|Any CPU.Build.0 = Release|Any CPU
	EndGlobalSection
	GlobalSection(SolutionProperties) = preSolution
		HideSolutionNode = FALSE
	EndGlobalSection
	GlobalSection(ExtensibilityGlobals) = postSolution
		SolutionGuid = {698BB0ED-3F06-40EC-9E21-53C01EB6A0A6}
	EndGlobalSection
EndGlobal
